
Microsoft Visual Studio Solution File, Format Version 12.00
# Visual Studio Version 16
VisualStudioVersion = 16.0.30503.244
MinimumVisualStudioVersion = 10.0.40219.1
Project("{9A19103F-16F7-4668-BE54-9A1E7A4F7556}") = "MaxPathAPI", "MaxPathAPI\MaxPathAPI.csproj", "{9FD141A9-167F-4CEC-B4EB-333505A6E513}"
EndProject
Project("{9A19103F-16F7-4668-BE54-9A1E7A4F7556}") = "MaxPath.Infrastructure", "MaxPath.Infrastructure\MaxPath.Infrastructure.csproj", "{8B0B0DCA-66C7-4661-B00B-956FBF2B3142}"
EndProject
Project("{FAE04EC0-301F-11D3-BF4B-00C04F79EFBC}") = "MaxPath.Domain", "MaxPath.Domain\MaxPath.Domain.csproj", "{8C68F210-5B9F-44D7-98E0-21F4C107D283}"
EndProject
Project("{FAE04EC0-301F-11D3-BF4B-00C04F79EFBC}") = "MatxPath.Operation", "MatxPath.Operation\MatxPath.Operation.csproj", "{2140293C-A6BD-4512-BF8F-561D2E5C7B3B}"
EndProject
Project("{FAE04EC0-301F-11D3-BF4B-00C04F79EFBC}") = "MaxPath.Test", "MaxPath.Test\MaxPath.Test.csproj", "{8BB92A24-B8E5-4D6E-AC69-C1AD92FCA653}"
EndProject
Global
	GlobalSection(SolutionConfigurationPlatforms) = preSolution
		Debug|Any CPU = Debug|Any CPU
		Release|Any CPU = Release|Any CPU
	EndGlobalSection
	GlobalSection(ProjectConfigurationPlatforms) = postSolution
		{9FD141A9-167F-4CEC-B4EB-333505A6E513}.Debug|Any CPU.ActiveCfg = Debug|Any CPU
		{9FD141A9-167F-4CEC-B4EB-333505A6E513}.Debug|Any CPU.Build.0 = Debug|Any CPU
		{9FD141A9-167F-4CEC-B4EB-333505A6E513}.Release|Any CPU.ActiveCfg = Release|Any CPU
		{9FD141A9-167F-4CEC-B4EB-333505A6E513}.Release|Any CPU.Build.0 = Release|Any CPU
		{8B0B0DCA-66C7-4661-B00B-956FBF2B3142}.Debug|Any CPU.ActiveCfg = Debug|Any CPU
		{8B0B0DCA-66C7-4661-B00B-956FBF2B3142}.Debug|Any CPU.Build.0 = Debug|Any CPU
		{8B0B0DCA-66C7-4661-B00B-956FBF2B3142}.Release|Any CPU.ActiveCfg = Release|Any CPU
		{8B0B0DCA-66C7-4661-B00B-956FBF2B3142}.Release|Any CPU.Build.0 = Release|Any CPU
		{8C68F210-5B9F-44D7-98E0-21F4C107D283}.Debug|Any CPU.ActiveCfg = Debug|Any CPU
		{8C68F210-5B9F-44D7-98E0-21F4C107D283}.Debug|Any CPU.Build.0 = Debug|Any CPU
		{8C68F210-5B9F-44D7-98E0-21F4C107D283}.Release|Any CPU.ActiveCfg = Release|Any CPU
		{8C68F210-5B9F-44D7-98E0-21F4C107D283}.Release|Any CPU.Build.0 = Release|Any CPU
		{2140293C-A6BD-4512-BF8F-561D2E5C7B3B}.Debug|Any CPU.ActiveCfg = Debug|Any CPU
		{2140293C-A6BD-4512-BF8F-561D2E5C7B3B}.Debug|Any CPU.Build.0 = Debug|Any CPU
		{2140293C-A6BD-4512-BF8F-561D2E5C7B3B}.Release|Any CPU.ActiveCfg = Release|Any CPU
		{2140293C-A6BD-4512-BF8F-561D2E5C7B3B}.Release|Any CPU.Build.0 = Release|Any CPU
		{8BB92A24-B8E5-4D6E-AC69-C1AD92FCA653}.Debug|Any CPU.ActiveCfg = Debug|Any CPU
		{8BB92A24-B8E5-4D6E-AC69-C1AD92FCA653}.Debug|Any CPU.Build.0 = Debug|Any CPU
		{8BB92A24-B8E5-4D6E-AC69-C1AD92FCA653}.Release|Any CPU.ActiveCfg = Release|Any CPU
		{8BB92A24-B8E5-4D6E-AC69-C1AD92FCA653}.Release|Any CPU.Build.0 = Release|Any CPU
	EndGlobalSection
	GlobalSection(SolutionProperties) = preSolution
		HideSolutionNode = FALSE
	EndGlobalSection
	GlobalSection(ExtensibilityGlobals) = postSolution
		SolutionGuid = {F7C071DA-3B58-4B82-A2C8-45274CA49F52}
	EndGlobalSection
EndGlobal
